
Microsoft Visual Studio Solution File, Format Version 12.00
# Visual Studio Version 17
VisualStudioVersion = 17.12.35707.178 d17.12
MinimumVisualStudioVersion = 10.0.40219.1
Project("{FAE04EC0-301F-11D3-BF4B-00C04F79EFBC}") = "RadzenPlayground", "RadzenPlayground\RadzenPlayground.csproj", "{FC7C5C97-0D6B-4E36-8484-EB8C253219CC}"
EndProject
Project("{FAE04EC0-301F-11D3-BF4B-00C04F79EFBC}") = "RadzenPlayground.Client", "RadzenPlayground.Client\RadzenPlayground.Client.csproj", "{1B3CC3EE-4A29-40C0-8AC3-7E30B85A8F62}"
EndProject
Global
	GlobalSection(SolutionConfigurationPlatforms) = preSolution
		Debug|Any CPU = Debug|Any CPU
		Release|Any CPU = Release|Any CPU
	EndGlobalSection
	GlobalSection(ProjectConfigurationPlatforms) = postSolution
		{FC7C5C97-0D6B-4E36-8484-EB8C253219CC}.Debug|Any CPU.ActiveCfg = Debug|Any CPU
		{FC7C5C97-0D6B-4E36-8484-EB8C253219CC}.Debug|Any CPU.Build.0 = Debug|Any CPU
		{FC7C5C97-0D6B-4E36-8484-EB8C253219CC}.Release|Any CPU.ActiveCfg = Release|Any CPU
		{FC7C5C97-0D6B-4E36-8484-EB8C253219CC}.Release|Any CPU.Build.0 = Release|Any CPU
		{1B3CC3EE-4A29-40C0-8AC3-7E30B85A8F62}.Debug|Any CPU.ActiveCfg = Debug|Any CPU
		{1B3CC3EE-4A29-40C0-8AC3-7E30B85A8F62}.Debug|Any CPU.Build.0 = Debug|Any CPU
		{1B3CC3EE-4A29-40C0-8AC3-7E30B85A8F62}.Release|Any CPU.ActiveCfg = Release|Any CPU
		{1B3CC3EE-4A29-40C0-8AC3-7E30B85A8F62}.Release|Any CPU.Build.0 = Release|Any CPU
	EndGlobalSection
	GlobalSection(SolutionProperties) = preSolution
		HideSolutionNode = FALSE
	EndGlobalSection
EndGlobal
